// !$*UTF8*$!
{
	archiveVersion = 1;
	classes = {
	};
	objectVersion = 46;
	objects = {

/* Begin PBXBuildFile section */
		FADE04F31A7689CD00F67821 /* main.m in Sources */ = {isa = PBXBuildFile; fileRef = FADE04F21A7689CD00F67821 /* main.m */; };
		FADE04F61A7689CD00F67821 /* AppDelegate.m in Sources */ = {isa = PBXBuildFile; fileRef = FADE04F51A7689CD00F67821 /* AppDelegate.m */; };
		FADE04F91A7689CD00F67821 /* GameScene.m in Sources */ = {isa = PBXBuildFile; fileRef = FADE04F81A7689CD00F67821 /* GameScene.m */; };
		FADE04FB1A7689CD00F67821 /* GameScene.sks in Resources */ = {isa = PBXBuildFile; fileRef = FADE04FA1A7689CD00F67821 /* GameScene.sks */; };
		FADE04FE1A7689CD00F67821 /* GameViewController.m in Sources */ = {isa = PBXBuildFile; fileRef = FADE04FD1A7689CD00F67821 /* GameViewController.m */; };
		FADE05011A7689CD00F67821 /* Main.storyboard in Resources */ = {isa = PBXBuildFile; fileRef = FADE04FF1A7689CD00F67821 /* Main.storyboard */; };
		FADE05031A7689CD00F67821 /* Images.xcassets in Resources */ = {isa = PBXBuildFile; fileRef = FADE05021A7689CD00F67821 /* Images.xcassets */; };
		FADE05061A7689CD00F67821 /* LaunchScreen.xib in Resources */ = {isa = PBXBuildFile; fileRef = FADE05041A7689CD00F67821 /* LaunchScreen.xib */; };
		FADE05121A7689CE00F67821 /* responsiveControlsForSpriteKitGameTests.m in Sources */ = {isa = PBXBuildFile; fileRef = FADE05111A7689CE00F67821 /* responsiveControlsForSpriteKitGameTests.m */; };
/* End PBXBuildFile section */

/* Begin PBXContainerItemProxy section */
		FADE050C1A7689CE00F67821 /* PBXContainerItemProxy */ = {
			isa = PBXContainerItemProxy;
			containerPortal = FADE04E51A7689CD00F67821 /* Project object */;
			proxyType = 1;
			remoteGlobalIDString = FADE04EC1A7689CD00F67821;
			remoteInfo = responsiveControlsForSpriteKitGame;
		};
/* End PBXContainerItemProxy section */

/* Begin PBXFileReference section */
		FADE04ED1A7689CD00F67821 /* responsiveControlsForSpriteKitGame.app */ = {isa = PBXFileReference; explicitFileType = wrapper.application; includeInIndex = 0; path = responsiveControlsForSpriteKitGame.app; sourceTree = BUILT_PRODUCTS_DIR; };
		FADE04F11A7689CD00F67821 /* Info.plist */ = {isa = PBXFileReference; lastKnownFileType = text.plist.xml; path = Info.plist; sourceTree = "<group>"; };
		FADE04F21A7689CD00F67821 /* main.m */ = {isa = PBXFileReference; lastKnownFileType = sourcecode.c.objc; path = main.m; sourceTree = "<group>"; };
		FADE04F41A7689CD00F67821 /* AppDelegate.h */ = {isa = PBXFileReference; lastKnownFileType = sourcecode.c.h; path = AppDelegate.h; sourceTree = "<group>"; };
		FADE04F51A7689CD00F67821 /* AppDelegate.m */ = {isa = PBXFileReference; lastKnownFileType = sourcecode.c.objc; path = AppDelegate.m; sourceTree = "<group>"; };
		FADE04F71A7689CD00F67821 /* GameScene.h */ = {isa = PBXFileReference; lastKnownFileType = sourcecode.c.h; path = GameScene.h; sourceTree = "<group>"; };
		FADE04F81A7689CD00F67821 /* GameScene.m */ = {isa = PBXFileReference; lastKnownFileType = sourcecode.c.objc; path = GameScene.m; sourceTree = "<group>"; };
		FADE04FA1A7689CD00F67821 /* GameScene.sks */ = {isa = PBXFileReference; lastKnownFileType = file.sks; path = GameScene.sks; sourceTree = "<group>"; };
		FADE04FC1A7689CD00F67821 /* GameViewController.h */ = {isa = PBXFileReference; lastKnownFileType = sourcecode.c.h; path = GameViewController.h; sourceTree = "<group>"; };
		FADE04FD1A7689CD00F67821 /* GameViewController.m */ = {isa = PBXFileReference; lastKnownFileType = sourcecode.c.objc; path = GameViewController.m; sourceTree = "<group>"; };
		FADE05001A7689CD00F67821 /* Base */ = {isa = PBXFileReference; lastKnownFileType = file.storyboard; name = Base; path = Base.lproj/Main.storyboard; sourceTree = "<group>"; };
		FADE05021A7689CD00F67821 /* Images.xcassets */ = {isa = PBXFileReference; lastKnownFileType = folder.assetcatalog; path = Images.xcassets; sourceTree = "<group>"; };
		FADE05051A7689CD00F67821 /* Base */ = {isa = PBXFileReference; lastKnownFileType = file.xib; name = Base; path = Base.lproj/LaunchScreen.xib; sourceTree = "<group>"; };
		FADE050B1A7689CE00F67821 /* responsiveControlsForSpriteKitGameTests.xctest */ = {isa = PBXFileReference; explicitFileType = wrapper.cfbundle; includeInIndex = 0; path = responsiveControlsForSpriteKitGameTests.xctest; sourceTree = BUILT_PRODUCTS_DIR; };
		FADE05101A7689CE00F67821 /* Info.plist */ = {isa = PBXFileReference; lastKnownFileType = text.plist.xml; path = Info.plist; sourceTree = "<group>"; };
		FADE05111A7689CE00F67821 /* responsiveControlsForSpriteKitGameTests.m */ = {isa = PBXFileReference; lastKnownFileType = sourcecode.c.objc; path = responsiveControlsForSpriteKitGameTests.m; sourceTree = "<group>"; };
/* End PBXFileReference section */

/* Begin PBXFrameworksBuildPhase section */
		FADE04EA1A7689CD00F67821 /* Frameworks */ = {
			isa = PBXFrameworksBuildPhase;
			buildActionMask = 2147483647;
			files = (
			);
			runOnlyForDeploymentPostprocessing = 0;
		};
		FADE05081A7689CE00F67821 /* Frameworks */ = {
			isa = PBXFrameworksBuildPhase;
			buildActionMask = 2147483647;
			files = (
			);
			runOnlyForDeploymentPostprocessing = 0;
		};
/* End PBXFrameworksBuildPhase section */

/* Begin PBXGroup section */
		FADE04E41A7689CD00F67821 = {
			isa = PBXGroup;
			children = (
				FADE04EF1A7689CD00F67821 /* responsiveControlsForSpriteKitGame */,
				FADE050E1A7689CE00F67821 /* responsiveControlsForSpriteKitGameTests */,
				FADE04EE1A7689CD00F67821 /* Products */,
			);
			sourceTree = "<group>";
		};
		FADE04EE1A7689CD00F67821 /* Products */ = {
			isa = PBXGroup;
			children = (
				FADE04ED1A7689CD00F67821 /* responsiveControlsForSpriteKitGame.app */,
				FADE050B1A7689CE00F67821 /* responsiveControlsForSpriteKitGameTests.xctest */,
			);
			name = Products;
			sourceTree = "<group>";
		};
		FADE04EF1A7689CD00F67821 /* responsiveControlsForSpriteKitGame */ = {
			isa = PBXGroup;
			children = (
				FADE04F41A7689CD00F67821 /* AppDelegate.h */,
				FADE04F51A7689CD00F67821 /* AppDelegate.m */,
				FADE04F71A7689CD00F67821 /* GameScene.h */,
				FADE04F81A7689CD00F67821 /* GameScene.m */,
				FADE04FA1A7689CD00F67821 /* GameScene.sks */,
				FADE04FC1A7689CD00F67821 /* GameViewController.h */,
				FADE04FD1A7689CD00F67821 /* GameViewController.m */,
				FADE04FF1A7689CD00F67821 /* Main.storyboard */,
				FADE05021A7689CD00F67821 /* Images.xcassets */,
				FADE05041A7689CD00F67821 /* LaunchScreen.xib */,
				FADE04F01A7689CD00F67821 /* Supporting Files */,
			);
			path = responsiveControlsForSpriteKitGame;
			sourceTree = "<group>";
		};
		FADE04F01A7689CD00F67821 /* Supporting Files */ = {
			isa = PBXGroup;
			children = (
				FADE04F11A7689CD00F67821 /* Info.plist */,
				FADE04F21A7689CD00F67821 /* main.m */,
			);
			name = "Supporting Files";
			sourceTree = "<group>";
		};
		FADE050E1A7689CE00F67821 /* responsiveControlsForSpriteKitGameTests */ = {
			isa = PBXGroup;
			children = (
				FADE05111A7689CE00F67821 /* responsiveControlsForSpriteKitGameTests.m */,
				FADE050F1A7689CE00F67821 /* Supporting Files */,
			);
			path = responsiveControlsForSpriteKitGameTests;
			sourceTree = "<group>";
		};
		FADE050F1A7689CE00F67821 /* Supporting Files */ = {
			isa = PBXGroup;
			children = (
				FADE05101A7689CE00F67821 /* Info.plist */,
			);
			name = "Supporting Files";
			sourceTree = "<group>";
		};
/* End PBXGroup section */

/* Begin PBXNativeTarget section */
		FADE04EC1A7689CD00F67821 /* responsiveControlsForSpriteKitGame */ = {
			isa = PBXNativeTarget;
			buildConfigurationList = FADE05151A7689CE00F67821 /* Build configuration list for PBXNativeTarget "responsiveControlsForSpriteKitGame" */;
			buildPhases = (
				FADE04E91A7689CD00F67821 /* Sources */,
				FADE04EA1A7689CD00F67821 /* Frameworks */,
				FADE04EB1A7689CD00F67821 /* Resources */,
			);
			buildRules = (
			);
			dependencies = (
			);
			name = responsiveControlsForSpriteKitGame;
			productName = responsiveControlsForSpriteKitGame;
			productReference = FADE04ED1A7689CD00F67821 /* responsiveControlsForSpriteKitGame.app */;
			productType = "com.apple.product-type.application";
		};
		FADE050A1A7689CE00F67821 /* responsiveControlsForSpriteKitGameTests */ = {
			isa = PBXNativeTarget;
			buildConfigurationList = FADE05181A7689CE00F67821 /* Build configuration list for PBXNativeTarget "responsiveControlsForSpriteKitGameTests" */;
			buildPhases = (
				FADE05071A7689CE00F67821 /* Sources */,
				FADE05081A7689CE00F67821 /* Frameworks */,
				FADE05091A7689CE00F67821 /* Resources */,
			);
			buildRules = (
			);
			dependencies = (
				FADE050D1A7689CE00F67821 /* PBXTargetDependency */,
			);
			name = responsiveControlsForSpriteKitGameTests;
			productName = responsiveControlsForSpriteKitGameTests;
			productReference = FADE050B1A7689CE00F67821 /* responsiveControlsForSpriteKitGameTests.xctest */;
			productType = "com.apple.product-type.bundle.unit-test";
		};
/* End PBXNativeTarget section */

/* Begin PBXProject section */
		FADE04E51A7689CD00F67821 /* Project object */ = {
			isa = PBXProject;
			attributes = {
				LastUpgradeCheck = 0610;
				ORGANIZATIONNAME = "Amadeusz Polak";
				TargetAttributes = {
					FADE04EC1A7689CD00F67821 = {
						CreatedOnToolsVersion = 6.1.1;
					};
					FADE050A1A7689CE00F67821 = {
						CreatedOnToolsVersion = 6.1.1;
						TestTargetID = FADE04EC1A7689CD00F67821;
					};
				};
			};
			buildConfigurationList = FADE04E81A7689CD00F67821 /* Build configuration list for PBXProject "responsiveControlsForSpriteKitGame" */;
			compatibilityVersion = "Xcode 3.2";
			developmentRegion = English;
			hasScannedForEncodings = 0;
			knownRegions = (
				en,
				Base,
			);
			mainGroup = FADE04E41A7689CD00F67821;
			productRefGroup = FADE04EE1A7689CD00F67821 /* Products */;
			projectDirPath = "";
			projectRoot = "";
			targets = (
				FADE04EC1A7689CD00F67821 /* responsiveControlsForSpriteKitGame */,
				FADE050A1A7689CE00F67821 /* responsiveControlsForSpriteKitGameTests */,
			);
		};
/* End PBXProject section */

/* Begin PBXResourcesBuildPhase section */
		FADE04EB1A7689CD00F67821 /* Resources */ = {
			isa = PBXResourcesBuildPhase;
			buildActionMask = 2147483647;
			files = (
				FADE05061A7689CD00F67821 /* LaunchScreen.xib in Resources */,
				FADE05031A7689CD00F67821 /* Images.xcassets in Resources */,
				FADE04FB1A7689CD00F67821 /* GameScene.sks in Resources */,
				FADE05011A7689CD00F67821 /* Main.storyboard in Resources */,
			);
			runOnlyForDeploymentPostprocessing = 0;
		};
		FADE05091A7689CE00F67821 /* Resources */ = {
			isa = PBXResourcesBuildPhase;
			buildActionMask = 2147483647;
			files = (
			);
			runOnlyForDeploymentPostprocessing = 0;
		};
/* End PBXResourcesBuildPhase section */

/* Begin PBXSourcesBuildPhase section */
		FADE04E91A7689CD00F67821 /* Sources */ = {
			isa = PBXSourcesBuildPhase;
			buildActionMask = 2147483647;
			files = (
				FADE04FE1A7689CD00F67821 /* GameViewController.m in Sources */,
				FADE04F61A7689CD00F67821 /* AppDelegate.m in Sources */,
				FADE04F91A7689CD00F67821 /* GameScene.m in Sources */,
				FADE04F31A7689CD00F67821 /* main.m in Sources */,
			);
			runOnlyForDeploymentPostprocessing = 0;
		};
		FADE05071A7689CE00F67821 /* Sources */ = {
			isa = PBXSourcesBuildPhase;
			buildActionMask = 2147483647;
			files = (
				FADE05121A7689CE00F67821 /* responsiveControlsForSpriteKitGameTests.m in Sources */,
			);
			runOnlyForDeploymentPostprocessing = 0;
		};
/* End PBXSourcesBuildPhase section */

/* Begin PBXTargetDependency section */
		FADE050D1A7689CE00F67821 /* PBXTargetDependency */ = {
			isa = PBXTargetDependency;
			target = FADE04EC1A7689CD00F67821 /* responsiveControlsForSpriteKitGame */;
			targetProxy = FADE050C1A7689CE00F67821 /* PBXContainerItemProxy */;
		};
/* End PBXTargetDependency section */

/* Begin PBXVariantGroup section */
		FADE04FF1A7689CD00F67821 /* Main.storyboard */ = {
			isa = PBXVariantGroup;
			children = (
				FADE05001A7689CD00F67821 /* Base */,
			);
			name = Main.storyboard;
			sourceTree = "<group>";
		};
		FADE05041A7689CD00F67821 /* LaunchScreen.xib */ = {
			isa = PBXVariantGroup;
			children = (
				FADE05051A7689CD00F67821 /* Base */,
			);
			name = LaunchScreen.xib;
			sourceTree = "<group>";
		};
/* End PBXVariantGroup section */

/* Begin XCBuildConfiguration section */
		FADE05131A7689CE00F67821 /* Debug */ = {
			isa = XCBuildConfiguration;
			buildSettings = {
				ALWAYS_SEARCH_USER_PATHS = NO;
				CLANG_CXX_LANGUAGE_STANDARD = "gnu++0x";
				CLANG_CXX_LIBRARY = "libc++";
				CLANG_ENABLE_MODULES = YES;
				CLANG_ENABLE_OBJC_ARC = YES;
				CLANG_WARN_BOOL_CONVERSION = YES;
				CLANG_WARN_CONSTANT_CONVERSION = YES;
				CLANG_WARN_DIRECT_OBJC_ISA_USAGE = YES_ERROR;
				CLANG_WARN_EMPTY_BODY = YES;
				CLANG_WARN_ENUM_CONVERSION = YES;
				CLANG_WARN_INT_CONVERSION = YES;
				CLANG_WARN_OBJC_ROOT_CLASS = YES_ERROR;
				CLANG_WARN_UNREACHABLE_CODE = YES;
				CLANG_WARN__DUPLICATE_METHOD_MATCH = YES;
				"CODE_SIGN_IDENTITY[sdk=iphoneos*]" = "iPhone Developer";
				COPY_PHASE_STRIP = NO;
				ENABLE_STRICT_OBJC_MSGSEND = YES;
				GCC_C_LANGUAGE_STANDARD = gnu99;
				GCC_DYNAMIC_NO_PIC = NO;
				GCC_OPTIMIZATION_LEVEL = 0;
				GCC_PREPROCESSOR_DEFINITIONS = (
					"DEBUG=1",
					"$(inherited)",
				);
				GCC_SYMBOLS_PRIVATE_EXTERN = NO;
				GCC_WARN_64_TO_32_BIT_CONVERSION = YES;
				GCC_WARN_ABOUT_RETURN_TYPE = YES_ERROR;
				GCC_WARN_UNDECLARED_SELECTOR = YES;
				GCC_WARN_UNINITIALIZED_AUTOS = YES_AGGRESSIVE;
				GCC_WARN_UNUSED_FUNCTION = YES;
				GCC_WARN_UNUSED_VARIABLE = YES;
				IPHONEOS_DEPLOYMENT_TARGET = 8.1;
				MTL_ENABLE_DEBUG_INFO = YES;
				ONLY_ACTIVE_ARCH = YES;
				SDKROOT = iphoneos;
				TARGETED_DEVICE_FAMILY = "1,2";
			};
			name = Debug;
		};
		FADE05141A7689CE00F67821 /* Release */ = {
			isa = XCBuildConfiguration;
			buildSettings = {
				ALWAYS_SEARCH_USER_PATHS = NO;
				CLANG_CXX_LANGUAGE_STANDARD = "gnu++0x";
				CLANG_CXX_LIBRARY = "libc++";
				CLANG_ENABLE_MODULES = YES;
				CLANG_ENABLE_OBJC_ARC = YES;
				CLANG_WARN_BOOL_CONVERSION = YES;
				CLANG_WARN_CONSTANT_CONVERSION = YES;
				CLANG_WARN_DIRECT_OBJC_ISA_USAGE = YES_ERROR;
				CLANG_WARN_EMPTY_BODY = YES;
				CLANG_WARN_ENUM_CONVERSION = YES;
				CLANG_WARN_INT_CONVERSION = YES;
				CLANG_WARN_OBJC_ROOT_CLASS = YES_ERROR;
				CLANG_WARN_UNREACHABLE_CODE = YES;
				CLANG_WARN__DUPLICATE_METHOD_MATCH = YES;
				"CODE_SIGN_IDENTITY[sdk=iphoneos*]" = "iPhone Developer";
				COPY_PHASE_STRIP = YES;
				ENABLE_NS_ASSERTIONS = NO;
				ENABLE_STRICT_OBJC_MSGSEND = YES;
				GCC_C_LANGUAGE_STANDARD = gnu99;
				GCC_WARN_64_TO_32_BIT_CONVERSION = YES;
				GCC_WARN_ABOUT_RETURN_TYPE = YES_ERROR;
				GCC_WARN_UNDECLARED_SELECTOR = YES;
				GCC_WARN_UNINITIALIZED_AUTOS = YES_AGGRESSIVE;
				GCC_WARN_UNUSED_FUNCTION = YES;
				GCC_WARN_UNUSED_VARIABLE = YES;
				IPHONEOS_DEPLOYMENT_TARGET = 8.1;
				MTL_ENABLE_DEBUG_INFO = NO;
				SDKROOT = iphoneos;
				TARGETED_DEVICE_FAMILY = "1,2";
				VALIDATE_PRODUCT = YES;
			};
			name = Release;
		};
		FADE05161A7689CE00F67821 /* Debug */ = {
			isa = XCBuildConfiguration;
			buildSettings = {
				ASSETCATALOG_COMPILER_APPICON_NAME = AppIcon;
				INFOPLIST_FILE = responsiveControlsForSpriteKitGame/Info.plist;
				LD_RUNPATH_SEARCH_PATHS = "$(inherited) @executable_path/Frameworks";
				PRODUCT_NAME = "$(TARGET_NAME)";
			};
			name = Debug;
		};
		FADE05171A7689CE00F67821 /* Release */ = {
			isa = XCBuildConfiguration;
			buildSettings = {
				ASSETCATALOG_COMPILER_APPICON_NAME = AppIcon;
				INFOPLIST_FILE = responsiveControlsForSpriteKitGame/Info.plist;
				LD_RUNPATH_SEARCH_PATHS = "$(inherited) @executable_path/Frameworks";
				PRODUCT_NAME = "$(TARGET_NAME)";
			};
			name = Release;
		};
		FADE05191A7689CE00F67821 /* Debug */ = {
			isa = XCBuildConfiguration;
			buildSettings = {
				BUNDLE_LOADER = "$(TEST_HOST)";
				FRAMEWORK_SEARCH_PATHS = (
					"$(SDKROOT)/Developer/Library/Frameworks",
					"$(inherited)",
				);
				GCC_PREPROCESSOR_DEFINITIONS = (
					"DEBUG=1",
					"$(inherited)",
				);
				INFOPLIST_FILE = responsiveControlsForSpriteKitGameTests/Info.plist;
				LD_RUNPATH_SEARCH_PATHS = "$(inherited) @executable_path/Frameworks @loader_path/Frameworks";
				PRODUCT_NAME = "$(TARGET_NAME)";
				TEST_HOST = "$(BUILT_PRODUCTS_DIR)/responsiveControlsForSpriteKitGame.app/responsiveControlsForSpriteKitGame";
			};
			name = Debug;
		};
		FADE051A1A7689CE00F67821 /* Release */ = {
			isa = XCBuildConfiguration;
			buildSettings = {
				BUNDLE_LOADER = "$(TEST_HOST)";
				FRAMEWORK_SEARCH_PATHS = (
					"$(SDKROOT)/Developer/Library/Frameworks",
					"$(inherited)",
				);
				INFOPLIST_FILE = responsiveControlsForSpriteKitGameTests/Info.plist;
				LD_RUNPATH_SEARCH_PATHS = "$(inherited) @executable_path/Frameworks @loader_path/Frameworks";
				PRODUCT_NAME = "$(TARGET_NAME)";
				TEST_HOST = "$(BUILT_PRODUCTS_DIR)/responsiveControlsForSpriteKitGame.app/responsiveControlsForSpriteKitGame";
			};
			name = Release;
		};
/* End XCBuildConfiguration section */

/* Begin XCConfigurationList section */
		FADE04E81A7689CD00F67821 /* Build configuration list for PBXProject "responsiveControlsForSpriteKitGame" */ = {
			isa = XCConfigurationList;
			buildConfigurations = (
				FADE05131A7689CE00F67821 /* Debug */,
				FADE05141A7689CE00F67821 /* Release */,
			);
			defaultConfigurationIsVisible = 0;
			defaultConfigurationName = Release;
		};
		FADE05151A7689CE00F67821 /* Build configuration list for PBXNativeTarget "responsiveControlsForSpriteKitGame" */ = {
			isa = XCConfigurationList;
			buildConfigurations = (
				FADE05161A7689CE00F67821 /* Debug */,
				FADE05171A7689CE00F67821 /* Release */,
			);
			defaultConfigurationIsVisible = 0;
		};
		FADE05181A7689CE00F67821 /* Build configuration list for PBXNativeTarget "responsiveControlsForSpriteKitGameTests" */ = {
			isa = XCConfigurationList;
			buildConfigurations = (
				FADE05191A7689CE00F67821 /* Debug */,
				FADE051A1A7689CE00F67821 /* Release */,
			);
			defaultConfigurationIsVisible = 0;
		};
/* End XCConfigurationList section */
	};
	rootObject = FADE04E51A7689CD00F67821 /* Project object */;
}
